
Microsoft Visual Studio Solution File, Format Version 12.00
# Visual Studio Version 16
VisualStudioVersion = 16.0.29613.14
MinimumVisualStudioVersion = 10.0.40219.1
Project("{FAE04EC0-301F-11D3-BF4B-00C04F79EFBC}") = "TextRPG2", "TextRPG2\TextRPG2.csproj", "{14EA550E-575E-40F1-A7E0-FE29585416CC}"
EndProject
Global
	GlobalSection(SolutionConfigurationPlatforms) = preSolution
		Debug|Any CPU = Debug|Any CPU
		Release|Any CPU = Release|Any CPU
	EndGlobalSection
	GlobalSection(ProjectConfigurationPlatforms) = postSolution
		{14EA550E-575E-40F1-A7E0-FE29585416CC}.Debug|Any CPU.ActiveCfg = Debug|Any CPU
		{14EA550E-575E-40F1-A7E0-FE29585416CC}.Debug|Any CPU.Build.0 = Debug|Any CPU
		{14EA550E-575E-40F1-A7E0-FE29585416CC}.Release|Any CPU.ActiveCfg = Release|Any CPU
		{14EA550E-575E-40F1-A7E0-FE29585416CC}.Release|Any CPU.Build.0 = Release|Any CPU
	EndGlobalSection
	GlobalSection(SolutionProperties) = preSolution
		HideSolutionNode = FALSE
	EndGlobalSection
	GlobalSection(ExtensibilityGlobals) = postSolution
		SolutionGuid = {C963B682-7EA0-46ED-85CA-EE10AB03C976}
	EndGlobalSection
EndGlobal
